<?xml version="1.0" encoding="UTF-8" standalone="yes" ?>
<CodeBlocks_project_file>
	<FileVersion major="1" minor="6" />
	<Project>
		<Option title="marching-cubes" />
		<Option pch_mode="2" />
		<Option compiler="gcc" />
		<Build>
			<Target title="Debug">
				<Option output="bin/Debug/marching-cubes" prefix_auto="1" extension_auto="1" />
				<Option object_output="obj/Debug/" />
				<Option type="1" />
				<Option compiler="gcc" />
				<Compiler>
					<Add option="-pg" />
					<Add option="-g" />
					<Add directory="include" />
				</Compiler>
				<Linker>
					<Add option="-pg -lgmon" />
					<Add library="freeglut_static_d" />
					<Add directory="lib" />
				</Linker>
			</Target>
			<Target title="Release">
				<Option output="bin/Release/marching-cubes" prefix_auto="1" extension_auto="1" />
				<Option object_output="obj/Release/" />
				<Option type="0" />
				<Option compiler="gcc" />
				<Compiler>
					<Add option="-O2" />
					<Add directory="include" />
				</Compiler>
				<Linker>
					<Add option="-s" />
					<Add library="freeglut_static" />
					<Add directory="lib" />
				</Linker>
			</Target>
		</Build>
		<Compiler>
			<Add option="-Wall" />
			<Add directory="include" />
		</Compiler>
		<Linker>
			<Add library="opengl32" />
			<Add library="glu32" />
			<Add library="gdi32" />
			<Add library="glut32" />
			<Add library="glew_static" />
			<Add directory="lib" />
		</Linker>
		<Unit filename="glew/glew.c">
			<Option compilerVar="CC" />
		</Unit>
		<Unit filename="include/MarchingCubes.h" />
		<Unit filename="include/VoxelField.h" />
		<Unit filename="main.cpp" />
		<Unit filename="src/MarchingCubes.cpp" />
		<Unit filename="src/MarchingCubesAnalyze.cpp" />
		<Unit filename="src/MarchingCubesCache.cpp" />
		<Unit filename="src/MarchingCubesRender.cpp" />
		<Unit filename="src/VoxelField.cpp" />
		<Extensions>
			<code_completion />
			<debugger />
			<envvars />
		</Extensions>
	</Project>
</CodeBlocks_project_file>
